// !$*UTF8*$!
{
	archiveVersion = 1;
	classes = {
	};
	objectVersion = 46;
	objects = {

/* Begin PBXBuildFile section */
		18E31B3062E9FA8F370FFE2D /* Pods_FashionWardrobe.framework in Frameworks */ = {isa = PBXBuildFile; fileRef = 041ED4D8C2B5D820D89A558C /* Pods_FashionWardrobe.framework */; };
		4033FE099DA1104EBD63BEFD /* Pods_FashionWardrobeUITests.framework in Frameworks */ = {isa = PBXBuildFile; fileRef = 4D0D3AF98DBDA1E6F418541F /* Pods_FashionWardrobeUITests.framework */; };
		432843F71E9EA34600DBBB95 /* ItemsDateTableViewCell.swift in Sources */ = {isa = PBXBuildFile; fileRef = 432843F51E9EA34600DBBB95 /* ItemsDateTableViewCell.swift */; };
		432843F81E9EA34600DBBB95 /* ItemsDateTableViewCell.xib in Resources */ = {isa = PBXBuildFile; fileRef = 432843F61E9EA34600DBBB95 /* ItemsDateTableViewCell.xib */; };
		432843FB1E9EA4DD00DBBB95 /* ItemPhotoTableViewCell.swift in Sources */ = {isa = PBXBuildFile; fileRef = 432843F91E9EA4DD00DBBB95 /* ItemPhotoTableViewCell.swift */; };
		432843FC1E9EA4DD00DBBB95 /* ItemPhotoTableViewCell.xib in Resources */ = {isa = PBXBuildFile; fileRef = 432843FA1E9EA4DD00DBBB95 /* ItemPhotoTableViewCell.xib */; };
		432843FF1E9EB38200DBBB95 /* ItemsPhotoCollectionTableViewCell.swift in Sources */ = {isa = PBXBuildFile; fileRef = 432843FD1E9EB38200DBBB95 /* ItemsPhotoCollectionTableViewCell.swift */; };
		432844001E9EB38200DBBB95 /* ItemsPhotoCollectionTableViewCell.xib in Resources */ = {isa = PBXBuildFile; fileRef = 432843FE1E9EB38200DBBB95 /* ItemsPhotoCollectionTableViewCell.xib */; };
		432844021E9FE75900DBBB95 /* ItemsStorage.swift in Sources */ = {isa = PBXBuildFile; fileRef = 432844011E9FE75900DBBB95 /* ItemsStorage.swift */; };
		432844041EA0036A00DBBB95 /* Item.swift in Sources */ = {isa = PBXBuildFile; fileRef = 432844031EA0036A00DBBB95 /* Item.swift */; };
		432844161EA52D6D00DBBB95 /* Presenter.swift in Sources */ = {isa = PBXBuildFile; fileRef = 432844151EA52D6D00DBBB95 /* Presenter.swift */; };
		432844181EA52DAD00DBBB95 /* View.swift in Sources */ = {isa = PBXBuildFile; fileRef = 432844171EA52DAD00DBBB95 /* View.swift */; };
		4328441A1EA52E0700DBBB95 /* DependencyInjector.swift in Sources */ = {isa = PBXBuildFile; fileRef = 432844191EA52E0700DBBB95 /* DependencyInjector.swift */; };
		4328441D1EA52E7000DBBB95 /* ItemsListPresenter.swift in Sources */ = {isa = PBXBuildFile; fileRef = 4328441C1EA52E7000DBBB95 /* ItemsListPresenter.swift */; };
		4328441F1EA5452D00DBBB95 /* ProfileHeader.swift in Sources */ = {isa = PBXBuildFile; fileRef = 4328441E1EA5452D00DBBB95 /* ProfileHeader.swift */; };
		436B23B51EAFB63F00849417 /* News.swift in Sources */ = {isa = PBXBuildFile; fileRef = 436B23B41EAFB63F00849417 /* News.swift */; };
		436B23B71EAFB76E00849417 /* NewsText.swift in Sources */ = {isa = PBXBuildFile; fileRef = 436B23B61EAFB76E00849417 /* NewsText.swift */; };
		436B23B91EAFB7AF00849417 /* NewsPicture.swift in Sources */ = {isa = PBXBuildFile; fileRef = 436B23B81EAFB7AF00849417 /* NewsPicture.swift */; };
		436B23BB1EAFB85E00849417 /* NewsPictures.swift in Sources */ = {isa = PBXBuildFile; fileRef = 436B23BA1EAFB85E00849417 /* NewsPictures.swift */; };
		437E083E1EA67AC200134F2F /* ProfileItemPicture.swift in Sources */ = {isa = PBXBuildFile; fileRef = 437E083D1EA67AC200134F2F /* ProfileItemPicture.swift */; };
		437E08401EA67B0A00134F2F /* ProfileItemsPictures.swift in Sources */ = {isa = PBXBuildFile; fileRef = 437E083F1EA67B0A00134F2F /* ProfileItemsPictures.swift */; };
		437E08421EA67BB800134F2F /* ItemsListType.swift in Sources */ = {isa = PBXBuildFile; fileRef = 437E08411EA67BB800134F2F /* ItemsListType.swift */; };
		437E08501EA7CA6C00134F2F /* ProfileViewController.swift in Sources */ = {isa = PBXBuildFile; fileRef = 437E084F1EA7CA6C00134F2F /* ProfileViewController.swift */; };
		437E08541EA7CAD600134F2F /* ProfileHeaderTableViewCell.swift in Sources */ = {isa = PBXBuildFile; fileRef = 437E08521EA7CAD600134F2F /* ProfileHeaderTableViewCell.swift */; };
		437E08551EA7CAD600134F2F /* ProfileHeaderTableViewCell.xib in Resources */ = {isa = PBXBuildFile; fileRef = 437E08531EA7CAD600134F2F /* ProfileHeaderTableViewCell.xib */; };
		437E08591EA7D15A00134F2F /* ProfileWallPicture.swift in Sources */ = {isa = PBXBuildFile; fileRef = 437E08571EA7D15A00134F2F /* ProfileWallPicture.swift */; };
		437E085A1EA7D15A00134F2F /* ProfileWallPicture.xib in Resources */ = {isa = PBXBuildFile; fileRef = 437E08581EA7D15A00134F2F /* ProfileWallPicture.xib */; };
		437E085D1EA7D7B400134F2F /* ProfileWallPictureCollection.swift in Sources */ = {isa = PBXBuildFile; fileRef = 437E085B1EA7D7B400134F2F /* ProfileWallPictureCollection.swift */; };
		437E085E1EA7D7B400134F2F /* ProfileWallPictureCollection.xib in Resources */ = {isa = PBXBuildFile; fileRef = 437E085C1EA7D7B400134F2F /* ProfileWallPictureCollection.xib */; };
		4389778C1EB25B05002FB89A /* API_WRAPPER.swift in Sources */ = {isa = PBXBuildFile; fileRef = 4389778B1EB25B05002FB89A /* API_WRAPPER.swift */; };
		4389778E1EB25C89002FB89A /* NewsManager.swift in Sources */ = {isa = PBXBuildFile; fileRef = 4389778D1EB25C89002FB89A /* NewsManager.swift */; };
		438977911EB25CBC002FB89A /* NewsOperation.swift in Sources */ = {isa = PBXBuildFile; fileRef = 438977901EB25CBC002FB89A /* NewsOperation.swift */; };
		438977931EB2667F002FB89A /* OperationsManager.swift in Sources */ = {isa = PBXBuildFile; fileRef = 438977921EB2667F002FB89A /* OperationsManager.swift */; };
		438977971EB3B34B002FB89A /* UserStorage.swift in Sources */ = {isa = PBXBuildFile; fileRef = 438977961EB3B34B002FB89A /* UserStorage.swift */; };
		438977991EB3B666002FB89A /* LoginOperation.swift in Sources */ = {isa = PBXBuildFile; fileRef = 438977981EB3B666002FB89A /* LoginOperation.swift */; };
		4389779B1EB3BD7F002FB89A /* ProfileManager.swift in Sources */ = {isa = PBXBuildFile; fileRef = 4389779A1EB3BD7F002FB89A /* ProfileManager.swift */; };
		4389779D1EB3C4EF002FB89A /* LoginViewController.swift in Sources */ = {isa = PBXBuildFile; fileRef = 4389779C1EB3C4EF002FB89A /* LoginViewController.swift */; };
		438977F11EB8F552002FB89A /* NewsViewController.swift in Sources */ = {isa = PBXBuildFile; fileRef = 438977F01EB8F552002FB89A /* NewsViewController.swift */; };
		43AEB5B31EC05AA600A516BF /* DescriptionTableViewCell.swift in Sources */ = {isa = PBXBuildFile; fileRef = 43AEB5B21EC05AA600A516BF /* DescriptionTableViewCell.swift */; };
		43AEB5B51EC05AB900A516BF /* DescriptionTableViewCell.xib in Resources */ = {isa = PBXBuildFile; fileRef = 43AEB5B41EC05AB900A516BF /* DescriptionTableViewCell.xib */; };
		43AEB5B81EC231DE00A516BF /* TypeTableViewCell.swift in Sources */ = {isa = PBXBuildFile; fileRef = 43AEB5B61EC231DE00A516BF /* TypeTableViewCell.swift */; };
		43AEB5B91EC231DE00A516BF /* TypeTableViewCell.xib in Resources */ = {isa = PBXBuildFile; fileRef = 43AEB5B71EC231DE00A516BF /* TypeTableViewCell.xib */; };
		43AEB5BC1EC23A7D00A516BF /* PriceTableViewCell.swift in Sources */ = {isa = PBXBuildFile; fileRef = 43AEB5BA1EC23A7D00A516BF /* PriceTableViewCell.swift */; };
		43AEB5BD1EC23A7D00A516BF /* PriceTableViewCell.xib in Resources */ = {isa = PBXBuildFile; fileRef = 43AEB5BB1EC23A7D00A516BF /* PriceTableViewCell.xib */; };
		43E351561E9D3F8500CABBCD /* AppDelegate.swift in Sources */ = {isa = PBXBuildFile; fileRef = 43E351551E9D3F8500CABBCD /* AppDelegate.swift */; };
		43E351581E9D3F8500CABBCD /* ItemsListViewController.swift in Sources */ = {isa = PBXBuildFile; fileRef = 43E351571E9D3F8500CABBCD /* ItemsListViewController.swift */; };
		43E3515B1E9D3F8500CABBCD /* Main.storyboard in Resources */ = {isa = PBXBuildFile; fileRef = 43E351591E9D3F8500CABBCD /* Main.storyboard */; };
		43E3515D1E9D3F8500CABBCD /* Assets.xcassets in Resources */ = {isa = PBXBuildFile; fileRef = 43E3515C1E9D3F8500CABBCD /* Assets.xcassets */; };
		43E351601E9D3F8500CABBCD /* LaunchScreen.storyboard in Resources */ = {isa = PBXBuildFile; fileRef = 43E3515E1E9D3F8500CABBCD /* LaunchScreen.storyboard */; };
		43E3516B1E9D3F8500CABBCD /* FashionWardrobeTests.swift in Sources */ = {isa = PBXBuildFile; fileRef = 43E3516A1E9D3F8500CABBCD /* FashionWardrobeTests.swift */; };
		43E351761E9D3F8500CABBCD /* FashionWardrobeUITests.swift in Sources */ = {isa = PBXBuildFile; fileRef = 43E351751E9D3F8500CABBCD /* FashionWardrobeUITests.swift */; };
		43E56B121EB8F99300013335 /* NewsPresenter.swift in Sources */ = {isa = PBXBuildFile; fileRef = 43E56B111EB8F99300013335 /* NewsPresenter.swift */; };
		43E56B191EB8FE8C00013335 /* NewsTextTableViewCell.swift in Sources */ = {isa = PBXBuildFile; fileRef = 43E56B171EB8FE8C00013335 /* NewsTextTableViewCell.swift */; };
		43E56B1A1EB8FE8C00013335 /* NewsTextTableViewCell.xib in Resources */ = {isa = PBXBuildFile; fileRef = 43E56B181EB8FE8C00013335 /* NewsTextTableViewCell.xib */; };
		43E56B1D1EB8FEB900013335 /* NewsOnePictureTableViewCell.swift in Sources */ = {isa = PBXBuildFile; fileRef = 43E56B1B1EB8FEB900013335 /* NewsOnePictureTableViewCell.swift */; };
		43E56B1E1EB8FEB900013335 /* NewsOnePictureTableViewCell.xib in Resources */ = {isa = PBXBuildFile; fileRef = 43E56B1C1EB8FEB900013335 /* NewsOnePictureTableViewCell.xib */; };
		43E56B211EB8FED000013335 /* NewsPhotoCollectionTableViewCell.swift in Sources */ = {isa = PBXBuildFile; fileRef = 43E56B1F1EB8FED000013335 /* NewsPhotoCollectionTableViewCell.swift */; };
		43E56B221EB8FED000013335 /* NewsPhotoCollectionTableViewCell.xib in Resources */ = {isa = PBXBuildFile; fileRef = 43E56B201EB8FED000013335 /* NewsPhotoCollectionTableViewCell.xib */; };
		43E56B241EBA552900013335 /* AddPostViewController.swift in Sources */ = {isa = PBXBuildFile; fileRef = 43E56B231EBA552900013335 /* AddPostViewController.swift */; };
		43E56B281EBA5D3700013335 /* AddPhotoItemsCell.swift in Sources */ = {isa = PBXBuildFile; fileRef = 43E56B261EBA5D3700013335 /* AddPhotoItemsCell.swift */; };
		43E56B291EBA5D3700013335 /* AddPhotoItemsCell.xib in Resources */ = {isa = PBXBuildFile; fileRef = 43E56B271EBA5D3700013335 /* AddPhotoItemsCell.xib */; };
		43E56B2C1EBA5DBC00013335 /* AddPhotoItemCell.swift in Sources */ = {isa = PBXBuildFile; fileRef = 43E56B2A1EBA5DBC00013335 /* AddPhotoItemCell.swift */; };
		43E56B2D1EBA5DBC00013335 /* AddPhotoItemCell.xib in Resources */ = {isa = PBXBuildFile; fileRef = 43E56B2B1EBA5DBC00013335 /* AddPhotoItemCell.xib */; };
		43ED28AE1E9D444B00780B73 /* ItemsListHeader.swift in Sources */ = {isa = PBXBuildFile; fileRef = 43ED28AD1E9D444B00780B73 /* ItemsListHeader.swift */; };
		43ED28B01E9D447800780B73 /* ItemsListText.swift in Sources */ = {isa = PBXBuildFile; fileRef = 43ED28AF1E9D447800780B73 /* ItemsListText.swift */; };
		43ED28B21E9D463100780B73 /* ItemsPrice.swift in Sources */ = {isa = PBXBuildFile; fileRef = 43ED28B11E9D463100780B73 /* ItemsPrice.swift */; };
		43ED28B41E9D465000780B73 /* ItemsDate.swift in Sources */ = {isa = PBXBuildFile; fileRef = 43ED28B31E9D465000780B73 /* ItemsDate.swift */; };
		43ED28B61E9D467500780B73 /* ItemsType.swift in Sources */ = {isa = PBXBuildFile; fileRef = 43ED28B51E9D467500780B73 /* ItemsType.swift */; };
		43ED28B81E9D46C800780B73 /* ItemsPicture.swift in Sources */ = {isa = PBXBuildFile; fileRef = 43ED28B71E9D46C800780B73 /* ItemsPicture.swift */; };
		43ED28BA1E9D46DA00780B73 /* ItemsPictures.swift in Sources */ = {isa = PBXBuildFile; fileRef = 43ED28B91E9D46DA00780B73 /* ItemsPictures.swift */; };
		43ED28BD1E9D4E2200780B73 /* ListHeaderTableViewCell.swift in Sources */ = {isa = PBXBuildFile; fileRef = 43ED28BB1E9D4E2200780B73 /* ListHeaderTableViewCell.swift */; };
		43ED28BE1E9D4E2200780B73 /* ListHeaderTableViewCell.xib in Resources */ = {isa = PBXBuildFile; fileRef = 43ED28BC1E9D4E2200780B73 /* ListHeaderTableViewCell.xib */; };
		43ED28C11E9D573500780B73 /* ItemsTextTableViewCell.swift in Sources */ = {isa = PBXBuildFile; fileRef = 43ED28BF1E9D573500780B73 /* ItemsTextTableViewCell.swift */; };
		43ED28C51E9D5A7B00780B73 /* ItemsTypeTableViewCell.swift in Sources */ = {isa = PBXBuildFile; fileRef = 43ED28C31E9D5A7B00780B73 /* ItemsTypeTableViewCell.swift */; };
		43ED28C61E9D5A7B00780B73 /* ItemsTypeTableViewCell.xib in Resources */ = {isa = PBXBuildFile; fileRef = 43ED28C41E9D5A7B00780B73 /* ItemsTypeTableViewCell.xib */; };
		43ED28CA1E9D5BC900780B73 /* ItemsTextTableViewCell.xib in Resources */ = {isa = PBXBuildFile; fileRef = 43ED28C81E9D5BC900780B73 /* ItemsTextTableViewCell.xib */; };
		43ED28CD1E9D5EA300780B73 /* ItemsPriceTableViewCell.swift in Sources */ = {isa = PBXBuildFile; fileRef = 43ED28CB1E9D5EA300780B73 /* ItemsPriceTableViewCell.swift */; };
		43ED28CE1E9D5EA300780B73 /* ItemsPriceTableViewCell.xib in Resources */ = {isa = PBXBuildFile; fileRef = 43ED28CC1E9D5EA300780B73 /* ItemsPriceTableViewCell.xib */; };
		C73B4D0C7BEF5E2D1958A87D /* Pods_FashionWardrobeTests.framework in Frameworks */ = {isa = PBXBuildFile; fileRef = AA6579F1DEA21275C546AF2E /* Pods_FashionWardrobeTests.framework */; };
/* End PBXBuildFile section */

/* Begin PBXContainerItemProxy section */
		43E351671E9D3F8500CABBCD /* PBXContainerItemProxy */ = {
			isa = PBXContainerItemProxy;
			containerPortal = 43E3514A1E9D3F8500CABBCD /* Project object */;
			proxyType = 1;
			remoteGlobalIDString = 43E351511E9D3F8500CABBCD;
			remoteInfo = FashionWardrobe;
		};
		43E351721E9D3F8500CABBCD /* PBXContainerItemProxy */ = {
			isa = PBXContainerItemProxy;
			containerPortal = 43E3514A1E9D3F8500CABBCD /* Project object */;
			proxyType = 1;
			remoteGlobalIDString = 43E351511E9D3F8500CABBCD;
			remoteInfo = FashionWardrobe;
		};
/* End PBXContainerItemProxy section */

/* Begin PBXFileReference section */
		041ED4D8C2B5D820D89A558C /* Pods_FashionWardrobe.framework */ = {isa = PBXFileReference; explicitFileType = wrapper.framework; includeInIndex = 0; path = Pods_FashionWardrobe.framework; sourceTree = BUILT_PRODUCTS_DIR; };
		1D8565EE040F1DA2E8D44BCA /* Pods-FashionWardrobeUITests.debug.xcconfig */ = {isa = PBXFileReference; includeInIndex = 1; lastKnownFileType = text.xcconfig; name = "Pods-FashionWardrobeUITests.debug.xcconfig"; path = "Pods/Target Support Files/Pods-FashionWardrobeUITests/Pods-FashionWardrobeUITests.debug.xcconfig"; sourceTree = "<group>"; };
		2FB27A33D15ECB4719E22351 /* Pods-FashionWardrobe.release.xcconfig */ = {isa = PBXFileReference; includeInIndex = 1; lastKnownFileType = text.xcconfig; name = "Pods-FashionWardrobe.release.xcconfig"; path = "Pods/Target Support Files/Pods-FashionWardrobe/Pods-FashionWardrobe.release.xcconfig"; sourceTree = "<group>"; };
		432843F51E9EA34600DBBB95 /* ItemsDateTableViewCell.swift */ = {isa = PBXFileReference; fileEncoding = 4; lastKnownFileType = sourcecode.swift; path = ItemsDateTableViewCell.swift; sourceTree = "<group>"; };
		432843F61E9EA34600DBBB95 /* ItemsDateTableViewCell.xib */ = {isa = PBXFileReference; fileEncoding = 4; lastKnownFileType = file.xib; path = ItemsDateTableViewCell.xib; sourceTree = "<group>"; };
		432843F91E9EA4DD00DBBB95 /* ItemPhotoTableViewCell.swift */ = {isa = PBXFileReference; fileEncoding = 4; lastKnownFileType = sourcecode.swift; path = ItemPhotoTableViewCell.swift; sourceTree = "<group>"; };
		432843FA1E9EA4DD00DBBB95 /* ItemPhotoTableViewCell.xib */ = {isa = PBXFileReference; fileEncoding = 4; lastKnownFileType = file.xib; path = ItemPhotoTableViewCell.xib; sourceTree = "<group>"; };
		432843FD1E9EB38200DBBB95 /* ItemsPhotoCollectionTableViewCell.swift */ = {isa = PBXFileReference; fileEncoding = 4; lastKnownFileType = sourcecode.swift; path = ItemsPhotoCollectionTableViewCell.swift; sourceTree = "<group>"; };
		432843FE1E9EB38200DBBB95 /* ItemsPhotoCollectionTableViewCell.xib */ = {isa = PBXFileReference; fileEncoding = 4; lastKnownFileType = file.xib; path = ItemsPhotoCollectionTableViewCell.xib; sourceTree = "<group>"; };
		432844011E9FE75900DBBB95 /* ItemsStorage.swift */ = {isa = PBXFileReference; fileEncoding = 4; lastKnownFileType = sourcecode.swift; path = ItemsStorage.swift; sourceTree = "<group>"; };
		432844031EA0036A00DBBB95 /* Item.swift */ = {isa = PBXFileReference; fileEncoding = 4; lastKnownFileType = sourcecode.swift; path = Item.swift; sourceTree = "<group>"; };
		432844151EA52D6D00DBBB95 /* Presenter.swift */ = {isa = PBXFileReference; fileEncoding = 4; lastKnownFileType = sourcecode.swift; path = Presenter.swift; sourceTree = "<group>"; };
		432844171EA52DAD00DBBB95 /* View.swift */ = {isa = PBXFileReference; fileEncoding = 4; lastKnownFileType = sourcecode.swift; path = View.swift; sourceTree = "<group>"; };
		432844191EA52E0700DBBB95 /* DependencyInjector.swift */ = {isa = PBXFileReference; fileEncoding = 4; lastKnownFileType = sourcecode.swift; path = DependencyInjector.swift; sourceTree = "<group>"; };
		4328441C1EA52E7000DBBB95 /* ItemsListPresenter.swift */ = {isa = PBXFileReference; fileEncoding = 4; lastKnownFileType = sourcecode.swift; path = ItemsListPresenter.swift; sourceTree = "<group>"; };
		4328441E1EA5452D00DBBB95 /* ProfileHeader.swift */ = {isa = PBXFileReference; fileEncoding = 4; lastKnownFileType = sourcecode.swift; path = ProfileHeader.swift; sourceTree = "<group>"; };
		436B23B41EAFB63F00849417 /* News.swift */ = {isa = PBXFileReference; fileEncoding = 4; lastKnownFileType = sourcecode.swift; path = News.swift; sourceTree = "<group>"; };
		436B23B61EAFB76E00849417 /* NewsText.swift */ = {isa = PBXFileReference; fileEncoding = 4; lastKnownFileType = sourcecode.swift; path = NewsText.swift; sourceTree = "<group>"; };
		436B23B81EAFB7AF00849417 /* NewsPicture.swift */ = {isa = PBXFileReference; fileEncoding = 4; lastKnownFileType = sourcecode.swift; path = NewsPicture.swift; sourceTree = "<group>"; };
		436B23BA1EAFB85E00849417 /* NewsPictures.swift */ = {isa = PBXFileReference; fileEncoding = 4; lastKnownFileType = sourcecode.swift; path = NewsPictures.swift; sourceTree = "<group>"; };
		437E083D1EA67AC200134F2F /* ProfileItemPicture.swift */ = {isa = PBXFileReference; fileEncoding = 4; lastKnownFileType = sourcecode.swift; path = ProfileItemPicture.swift; sourceTree = "<group>"; };
		437E083F1EA67B0A00134F2F /* ProfileItemsPictures.swift */ = {isa = PBXFileReference; fileEncoding = 4; lastKnownFileType = sourcecode.swift; path = ProfileItemsPictures.swift; sourceTree = "<group>"; };
		437E08411EA67BB800134F2F /* ItemsListType.swift */ = {isa = PBXFileReference; fileEncoding = 4; lastKnownFileType = sourcecode.swift; path = ItemsListType.swift; sourceTree = "<group>"; };
		437E084F1EA7CA6C00134F2F /* ProfileViewController.swift */ = {isa = PBXFileReference; fileEncoding = 4; lastKnownFileType = sourcecode.swift; path = ProfileViewController.swift; sourceTree = "<group>"; };
		437E08521EA7CAD600134F2F /* ProfileHeaderTableViewCell.swift */ = {isa = PBXFileReference; fileEncoding = 4; lastKnownFileType = sourcecode.swift; path = ProfileHeaderTableViewCell.swift; sourceTree = "<group>"; };
		437E08531EA7CAD600134F2F /* ProfileHeaderTableViewCell.xib */ = {isa = PBXFileReference; fileEncoding = 4; lastKnownFileType = file.xib; path = ProfileHeaderTableViewCell.xib; sourceTree = "<group>"; };
		437E08571EA7D15A00134F2F /* ProfileWallPicture.swift */ = {isa = PBXFileReference; fileEncoding = 4; lastKnownFileType = sourcecode.swift; path = ProfileWallPicture.swift; sourceTree = "<group>"; };
		437E08581EA7D15A00134F2F /* ProfileWallPicture.xib */ = {isa = PBXFileReference; fileEncoding = 4; lastKnownFileType = file.xib; path = ProfileWallPicture.xib; sourceTree = "<group>"; };
		437E085B1EA7D7B400134F2F /* ProfileWallPictureCollection.swift */ = {isa = PBXFileReference; fileEncoding = 4; lastKnownFileType = sourcecode.swift; path = ProfileWallPictureCollection.swift; sourceTree = "<group>"; };
		437E085C1EA7D7B400134F2F /* ProfileWallPictureCollection.xib */ = {isa = PBXFileReference; fileEncoding = 4; lastKnownFileType = file.xib; path = ProfileWallPictureCollection.xib; sourceTree = "<group>"; };
		4389778B1EB25B05002FB89A /* API_WRAPPER.swift */ = {isa = PBXFileReference; fileEncoding = 4; lastKnownFileType = sourcecode.swift; path = API_WRAPPER.swift; sourceTree = "<group>"; };
		4389778D1EB25C89002FB89A /* NewsManager.swift */ = {isa = PBXFileReference; fileEncoding = 4; lastKnownFileType = sourcecode.swift; path = NewsManager.swift; sourceTree = "<group>"; };
		438977901EB25CBC002FB89A /* NewsOperation.swift */ = {isa = PBXFileReference; fileEncoding = 4; lastKnownFileType = sourcecode.swift; path = NewsOperation.swift; sourceTree = "<group>"; };
		438977921EB2667F002FB89A /* OperationsManager.swift */ = {isa = PBXFileReference; fileEncoding = 4; lastKnownFileType = sourcecode.swift; path = OperationsManager.swift; sourceTree = "<group>"; };
		438977961EB3B34B002FB89A /* UserStorage.swift */ = {isa = PBXFileReference; fileEncoding = 4; lastKnownFileType = sourcecode.swift; path = UserStorage.swift; sourceTree = "<group>"; };
		438977981EB3B666002FB89A /* LoginOperation.swift */ = {isa = PBXFileReference; fileEncoding = 4; lastKnownFileType = sourcecode.swift; path = LoginOperation.swift; sourceTree = "<group>"; };
		4389779A1EB3BD7F002FB89A /* ProfileManager.swift */ = {isa = PBXFileReference; fileEncoding = 4; lastKnownFileType = sourcecode.swift; path = ProfileManager.swift; sourceTree = "<group>"; };
		4389779C1EB3C4EF002FB89A /* LoginViewController.swift */ = {isa = PBXFileReference; fileEncoding = 4; lastKnownFileType = sourcecode.swift; path = LoginViewController.swift; sourceTree = "<group>"; };
		438977F01EB8F552002FB89A /* NewsViewController.swift */ = {isa = PBXFileReference; fileEncoding = 4; lastKnownFileType = sourcecode.swift; path = NewsViewController.swift; sourceTree = "<group>"; };
		43AEB5B21EC05AA600A516BF /* DescriptionTableViewCell.swift */ = {isa = PBXFileReference; fileEncoding = 4; lastKnownFileType = sourcecode.swift; path = DescriptionTableViewCell.swift; sourceTree = "<group>"; };
		43AEB5B41EC05AB900A516BF /* DescriptionTableViewCell.xib */ = {isa = PBXFileReference; fileEncoding = 4; lastKnownFileType = file.xib; path = DescriptionTableViewCell.xib; sourceTree = "<group>"; };
		43AEB5B61EC231DE00A516BF /* TypeTableViewCell.swift */ = {isa = PBXFileReference; fileEncoding = 4; lastKnownFileType = sourcecode.swift; path = TypeTableViewCell.swift; sourceTree = "<group>"; };
		43AEB5B71EC231DE00A516BF /* TypeTableViewCell.xib */ = {isa = PBXFileReference; fileEncoding = 4; lastKnownFileType = file.xib; path = TypeTableViewCell.xib; sourceTree = "<group>"; };
		43AEB5BA1EC23A7D00A516BF /* PriceTableViewCell.swift */ = {isa = PBXFileReference; fileEncoding = 4; lastKnownFileType = sourcecode.swift; path = PriceTableViewCell.swift; sourceTree = "<group>"; };
		43AEB5BB1EC23A7D00A516BF /* PriceTableViewCell.xib */ = {isa = PBXFileReference; fileEncoding = 4; lastKnownFileType = file.xib; path = PriceTableViewCell.xib; sourceTree = "<group>"; };
		43E351521E9D3F8500CABBCD /* FashionWardrobe.app */ = {isa = PBXFileReference; explicitFileType = wrapper.application; includeInIndex = 0; path = FashionWardrobe.app; sourceTree = BUILT_PRODUCTS_DIR; };
		43E351551E9D3F8500CABBCD /* AppDelegate.swift */ = {isa = PBXFileReference; lastKnownFileType = sourcecode.swift; path = AppDelegate.swift; sourceTree = "<group>"; };
		43E351571E9D3F8500CABBCD /* ItemsListViewController.swift */ = {isa = PBXFileReference; lastKnownFileType = sourcecode.swift; path = ItemsListViewController.swift; sourceTree = "<group>"; };
		43E3515A1E9D3F8500CABBCD /* Base */ = {isa = PBXFileReference; lastKnownFileType = file.storyboard; name = Base; path = Base.lproj/Main.storyboard; sourceTree = "<group>"; };
		43E3515C1E9D3F8500CABBCD /* Assets.xcassets */ = {isa = PBXFileReference; lastKnownFileType = folder.assetcatalog; path = Assets.xcassets; sourceTree = "<group>"; };
		43E3515F1E9D3F8500CABBCD /* Base */ = {isa = PBXFileReference; lastKnownFileType = file.storyboard; name = Base; path = Base.lproj/LaunchScreen.storyboard; sourceTree = "<group>"; };
		43E351611E9D3F8500CABBCD /* Info.plist */ = {isa = PBXFileReference; lastKnownFileType = text.plist.xml; path = Info.plist; sourceTree = "<group>"; };
		43E351661E9D3F8500CABBCD /* FashionWardrobeTests.xctest */ = {isa = PBXFileReference; explicitFileType = wrapper.cfbundle; includeInIndex = 0; path = FashionWardrobeTests.xctest; sourceTree = BUILT_PRODUCTS_DIR; };
		43E3516A1E9D3F8500CABBCD /* FashionWardrobeTests.swift */ = {isa = PBXFileReference; lastKnownFileType = sourcecode.swift; path = FashionWardrobeTests.swift; sourceTree = "<group>"; };
		43E3516C1E9D3F8500CABBCD /* Info.plist */ = {isa = PBXFileReference; lastKnownFileType = text.plist.xml; path = Info.plist; sourceTree = "<group>"; };
		43E351711E9D3F8500CABBCD /* FashionWardrobeUITests.xctest */ = {isa = PBXFileReference; explicitFileType = wrapper.cfbundle; includeInIndex = 0; path = FashionWardrobeUITests.xctest; sourceTree = BUILT_PRODUCTS_DIR; };
		43E351751E9D3F8500CABBCD /* FashionWardrobeUITests.swift */ = {isa = PBXFileReference; lastKnownFileType = sourcecode.swift; path = FashionWardrobeUITests.swift; sourceTree = "<group>"; };
		43E351771E9D3F8500CABBCD /* Info.plist */ = {isa = PBXFileReference; lastKnownFileType = text.plist.xml; path = Info.plist; sourceTree = "<group>"; };
		43E56B111EB8F99300013335 /* NewsPresenter.swift */ = {isa = PBXFileReference; fileEncoding = 4; lastKnownFileType = sourcecode.swift; path = NewsPresenter.swift; sourceTree = "<group>"; };
		43E56B171EB8FE8C00013335 /* NewsTextTableViewCell.swift */ = {isa = PBXFileReference; fileEncoding = 4; lastKnownFileType = sourcecode.swift; path = NewsTextTableViewCell.swift; sourceTree = "<group>"; };
		43E56B181EB8FE8C00013335 /* NewsTextTableViewCell.xib */ = {isa = PBXFileReference; fileEncoding = 4; lastKnownFileType = file.xib; path = NewsTextTableViewCell.xib; sourceTree = "<group>"; };
		43E56B1B1EB8FEB900013335 /* NewsOnePictureTableViewCell.swift */ = {isa = PBXFileReference; fileEncoding = 4; lastKnownFileType = sourcecode.swift; path = NewsOnePictureTableViewCell.swift; sourceTree = "<group>"; };
		43E56B1C1EB8FEB900013335 /* NewsOnePictureTableViewCell.xib */ = {isa = PBXFileReference; fileEncoding = 4; lastKnownFileType = file.xib; path = NewsOnePictureTableViewCell.xib; sourceTree = "<group>"; };
		43E56B1F1EB8FED000013335 /* NewsPhotoCollectionTableViewCell.swift */ = {isa = PBXFileReference; fileEncoding = 4; lastKnownFileType = sourcecode.swift; path = NewsPhotoCollectionTableViewCell.swift; sourceTree = "<group>"; };
		43E56B201EB8FED000013335 /* NewsPhotoCollectionTableViewCell.xib */ = {isa = PBXFileReference; fileEncoding = 4; lastKnownFileType = file.xib; path = NewsPhotoCollectionTableViewCell.xib; sourceTree = "<group>"; };
		43E56B231EBA552900013335 /* AddPostViewController.swift */ = {isa = PBXFileReference; fileEncoding = 4; lastKnownFileType = sourcecode.swift; path = AddPostViewController.swift; sourceTree = "<group>"; };
		43E56B261EBA5D3700013335 /* AddPhotoItemsCell.swift */ = {isa = PBXFileReference; fileEncoding = 4; lastKnownFileType = sourcecode.swift; path = AddPhotoItemsCell.swift; sourceTree = "<group>"; };
		43E56B271EBA5D3700013335 /* AddPhotoItemsCell.xib */ = {isa = PBXFileReference; fileEncoding = 4; lastKnownFileType = file.xib; path = AddPhotoItemsCell.xib; sourceTree = "<group>"; };
		43E56B2A1EBA5DBC00013335 /* AddPhotoItemCell.swift */ = {isa = PBXFileReference; fileEncoding = 4; lastKnownFileType = sourcecode.swift; path = AddPhotoItemCell.swift; sourceTree = "<group>"; };
		43E56B2B1EBA5DBC00013335 /* AddPhotoItemCell.xib */ = {isa = PBXFileReference; fileEncoding = 4; lastKnownFileType = file.xib; path = AddPhotoItemCell.xib; sourceTree = "<group>"; };
		43ED28AD1E9D444B00780B73 /* ItemsListHeader.swift */ = {isa = PBXFileReference; fileEncoding = 4; lastKnownFileType = sourcecode.swift; path = ItemsListHeader.swift; sourceTree = "<group>"; };
		43ED28AF1E9D447800780B73 /* ItemsListText.swift */ = {isa = PBXFileReference; fileEncoding = 4; lastKnownFileType = sourcecode.swift; path = ItemsListText.swift; sourceTree = "<group>"; };
		43ED28B11E9D463100780B73 /* ItemsPrice.swift */ = {isa = PBXFileReference; fileEncoding = 4; lastKnownFileType = sourcecode.swift; path = ItemsPrice.swift; sourceTree = "<group>"; };
		43ED28B31E9D465000780B73 /* ItemsDate.swift */ = {isa = PBXFileReference; fileEncoding = 4; lastKnownFileType = sourcecode.swift; path = ItemsDate.swift; sourceTree = "<group>"; };
		43ED28B51E9D467500780B73 /* ItemsType.swift */ = {isa = PBXFileReference; fileEncoding = 4; lastKnownFileType = sourcecode.swift; path = ItemsType.swift; sourceTree = "<group>"; };
		43ED28B71E9D46C800780B73 /* ItemsPicture.swift */ = {isa = PBXFileReference; fileEncoding = 4; lastKnownFileType = sourcecode.swift; path = ItemsPicture.swift; sourceTree = "<group>"; };
		43ED28B91E9D46DA00780B73 /* ItemsPictures.swift */ = {isa = PBXFileReference; fileEncoding = 4; lastKnownFileType = sourcecode.swift; path = ItemsPictures.swift; sourceTree = "<group>"; };
		43ED28BB1E9D4E2200780B73 /* ListHeaderTableViewCell.swift */ = {isa = PBXFileReference; fileEncoding = 4; lastKnownFileType = sourcecode.swift; path = ListHeaderTableViewCell.swift; sourceTree = "<group>"; };
		43ED28BC1E9D4E2200780B73 /* ListHeaderTableViewCell.xib */ = {isa = PBXFileReference; fileEncoding = 4; lastKnownFileType = file.xib; path = ListHeaderTableViewCell.xib; sourceTree = "<group>"; };
		43ED28BF1E9D573500780B73 /* ItemsTextTableViewCell.swift */ = {isa = PBXFileReference; fileEncoding = 4; lastKnownFileType = sourcecode.swift; path = ItemsTextTableViewCell.swift; sourceTree = "<group>"; };
		43ED28C31E9D5A7B00780B73 /* ItemsTypeTableViewCell.swift */ = {isa = PBXFileReference; fileEncoding = 4; lastKnownFileType = sourcecode.swift; path = ItemsTypeTableViewCell.swift; sourceTree = "<group>"; };
		43ED28C41E9D5A7B00780B73 /* ItemsTypeTableViewCell.xib */ = {isa = PBXFileReference; fileEncoding = 4; lastKnownFileType = file.xib; path = ItemsTypeTableViewCell.xib; sourceTree = "<group>"; };
		43ED28C81E9D5BC900780B73 /* ItemsTextTableViewCell.xib */ = {isa = PBXFileReference; fileEncoding = 4; lastKnownFileType = file.xib; path = ItemsTextTableViewCell.xib; sourceTree = "<group>"; };
		43ED28CB1E9D5EA300780B73 /* ItemsPriceTableViewCell.swift */ = {isa = PBXFileReference; fileEncoding = 4; lastKnownFileType = sourcecode.swift; path = ItemsPriceTableViewCell.swift; sourceTree = "<group>"; };
		43ED28CC1E9D5EA300780B73 /* ItemsPriceTableViewCell.xib */ = {isa = PBXFileReference; fileEncoding = 4; lastKnownFileType = file.xib; path = ItemsPriceTableViewCell.xib; sourceTree = "<group>"; };
		4D0D3AF98DBDA1E6F418541F /* Pods_FashionWardrobeUITests.framework */ = {isa = PBXFileReference; explicitFileType = wrapper.framework; includeInIndex = 0; path = Pods_FashionWardrobeUITests.framework; sourceTree = BUILT_PRODUCTS_DIR; };
		9E984B5BE4928F4C123C6FE6 /* Pods-FashionWardrobe.debug.xcconfig */ = {isa = PBXFileReference; includeInIndex = 1; lastKnownFileType = text.xcconfig; name = "Pods-FashionWardrobe.debug.xcconfig"; path = "Pods/Target Support Files/Pods-FashionWardrobe/Pods-FashionWardrobe.debug.xcconfig"; sourceTree = "<group>"; };
		AA6579F1DEA21275C546AF2E /* Pods_FashionWardrobeTests.framework */ = {isa = PBXFileReference; explicitFileType = wrapper.framework; includeInIndex = 0; path = Pods_FashionWardrobeTests.framework; sourceTree = BUILT_PRODUCTS_DIR; };
		C743D2A3D46B2417CF4F93FA /* Pods-FashionWardrobeTests.release.xcconfig */ = {isa = PBXFileReference; includeInIndex = 1; lastKnownFileType = text.xcconfig; name = "Pods-FashionWardrobeTests.release.xcconfig"; path = "Pods/Target Support Files/Pods-FashionWardrobeTests/Pods-FashionWardrobeTests.release.xcconfig"; sourceTree = "<group>"; };
		D65CE86CF802DBBCDFEAA3AF /* Pods-FashionWardrobeUITests.release.xcconfig */ = {isa = PBXFileReference; includeInIndex = 1; lastKnownFileType = text.xcconfig; name = "Pods-FashionWardrobeUITests.release.xcconfig"; path = "Pods/Target Support Files/Pods-FashionWardrobeUITests/Pods-FashionWardrobeUITests.release.xcconfig"; sourceTree = "<group>"; };
		DA6430F3444F4425AC5B7D7F /* Pods-FashionWardrobeTests.debug.xcconfig */ = {isa = PBXFileReference; includeInIndex = 1; lastKnownFileType = text.xcconfig; name = "Pods-FashionWardrobeTests.debug.xcconfig"; path = "Pods/Target Support Files/Pods-FashionWardrobeTests/Pods-FashionWardrobeTests.debug.xcconfig"; sourceTree = "<group>"; };
/* End PBXFileReference section */

/* Begin PBXFrameworksBuildPhase section */
		43E3514F1E9D3F8500CABBCD /* Frameworks */ = {
			isa = PBXFrameworksBuildPhase;
			buildActionMask = 2147483647;
			files = (
				18E31B3062E9FA8F370FFE2D /* Pods_FashionWardrobe.framework in Frameworks */,
			);
			runOnlyForDeploymentPostprocessing = 0;
		};
		43E351631E9D3F8500CABBCD /* Frameworks */ = {
			isa = PBXFrameworksBuildPhase;
			buildActionMask = 2147483647;
			files = (
				C73B4D0C7BEF5E2D1958A87D /* Pods_FashionWardrobeTests.framework in Frameworks */,
			);
			runOnlyForDeploymentPostprocessing = 0;
		};
		43E3516E1E9D3F8500CABBCD /* Frameworks */ = {
			isa = PBXFrameworksBuildPhase;
			buildActionMask = 2147483647;
			files = (
				4033FE099DA1104EBD63BEFD /* Pods_FashionWardrobeUITests.framework in Frameworks */,
			);
			runOnlyForDeploymentPostprocessing = 0;
		};
/* End PBXFrameworksBuildPhase section */

/* Begin PBXGroup section */
		428E03C1A99029BA9C528D73 /* Frameworks */ = {
			isa = PBXGroup;
			children = (
				041ED4D8C2B5D820D89A558C /* Pods_FashionWardrobe.framework */,
				AA6579F1DEA21275C546AF2E /* Pods_FashionWardrobeTests.framework */,
				4D0D3AF98DBDA1E6F418541F /* Pods_FashionWardrobeUITests.framework */,
			);
			name = Frameworks;
			sourceTree = "<group>";
		};
		432844121EA52D2A00DBBB95 /* profile */ = {
			isa = PBXGroup;
			children = (
				437E08521EA7CAD600134F2F /* ProfileHeaderTableViewCell.swift */,
				437E08531EA7CAD600134F2F /* ProfileHeaderTableViewCell.xib */,
				437E08571EA7D15A00134F2F /* ProfileWallPicture.swift */,
				437E08581EA7D15A00134F2F /* ProfileWallPicture.xib */,
				437E085B1EA7D7B400134F2F /* ProfileWallPictureCollection.swift */,
				437E085C1EA7D7B400134F2F /* ProfileWallPictureCollection.xib */,
			);
			name = profile;
			sourceTree = "<group>";
		};
		432844131EA52D3A00DBBB95 /* profile */ = {
			isa = PBXGroup;
			children = (
				4328441E1EA5452D00DBBB95 /* ProfileHeader.swift */,
				437E083D1EA67AC200134F2F /* ProfileItemPicture.swift */,
				437E083F1EA67B0A00134F2F /* ProfileItemsPictures.swift */,
			);
			name = profile;
			sourceTree = "<group>";
		};
		432844141EA52D4F00DBBB95 /* protocols and DI */ = {
			isa = PBXGroup;
			children = (
				432844151EA52D6D00DBBB95 /* Presenter.swift */,
				432844171EA52DAD00DBBB95 /* View.swift */,
				432844191EA52E0700DBBB95 /* DependencyInjector.swift */,
			);
			name = "protocols and DI";
			sourceTree = "<group>";
		};
		4328441B1EA52E5500DBBB95 /* Presenters */ = {
			isa = PBXGroup;
			children = (
				4328441C1EA52E7000DBBB95 /* ItemsListPresenter.swift */,
				43E56B111EB8F99300013335 /* NewsPresenter.swift */,
			);
			name = Presenters;
			sourceTree = "<group>";
		};
		436B23B31EAFB61000849417 /* news */ = {
			isa = PBXGroup;
			children = (
				436B23B41EAFB63F00849417 /* News.swift */,
				436B23B61EAFB76E00849417 /* NewsText.swift */,
				436B23B81EAFB7AF00849417 /* NewsPicture.swift */,
				436B23BA1EAFB85E00849417 /* NewsPictures.swift */,
			);
			name = news;
			sourceTree = "<group>";
		};
		436B23BC1EAFB8FE00849417 /* news */ = {
			isa = PBXGroup;
			children = (
				43E56B171EB8FE8C00013335 /* NewsTextTableViewCell.swift */,
				43E56B181EB8FE8C00013335 /* NewsTextTableViewCell.xib */,
				43E56B1B1EB8FEB900013335 /* NewsOnePictureTableViewCell.swift */,
				43E56B1C1EB8FEB900013335 /* NewsOnePictureTableViewCell.xib */,
				43E56B1F1EB8FED000013335 /* NewsPhotoCollectionTableViewCell.swift */,
				43E56B201EB8FED000013335 /* NewsPhotoCollectionTableViewCell.xib */,
			);
			name = news;
			sourceTree = "<group>";
		};
		4389778F1EB25CA7002FB89A /* operations */ = {
			isa = PBXGroup;
			children = (
				438977901EB25CBC002FB89A /* NewsOperation.swift */,
				438977921EB2667F002FB89A /* OperationsManager.swift */,
				438977981EB3B666002FB89A /* LoginOperation.swift */,
			);
			name = operations;
			sourceTree = "<group>";
		};
		43E351491E9D3F8500CABBCD = {
			isa = PBXGroup;
			children = (
				43E351541E9D3F8500CABBCD /* FashionWardrobe */,
				43ED28A71E9D438D00780B73 /* custom views */,
				43ED28A91E9D43DE00780B73 /* internet */,
				43ED28AB1E9D440400780B73 /* models */,
				43E351691E9D3F8500CABBCD /* FashionWardrobeTests */,
				43E351741E9D3F8500CABBCD /* FashionWardrobeUITests */,
				43E351531E9D3F8500CABBCD /* Products */,
				5E4D22C83C4684231CE2F630 /* Pods */,
				428E03C1A99029BA9C528D73 /* Frameworks */,
			);
			sourceTree = "<group>";
		};
		43E351531E9D3F8500CABBCD /* Products */ = {
			isa = PBXGroup;
			children = (
				43E351521E9D3F8500CABBCD /* FashionWardrobe.app */,
				43E351661E9D3F8500CABBCD /* FashionWardrobeTests.xctest */,
				43E351711E9D3F8500CABBCD /* FashionWardrobeUITests.xctest */,
			);
			name = Products;
			sourceTree = "<group>";
		};
		43E351541E9D3F8500CABBCD /* FashionWardrobe */ = {
			isa = PBXGroup;
			children = (
				438977961EB3B34B002FB89A /* UserStorage.swift */,
				432844011E9FE75900DBBB95 /* ItemsStorage.swift */,
				432844141EA52D4F00DBBB95 /* protocols and DI */,
				4328441B1EA52E5500DBBB95 /* Presenters */,
				43ED28A61E9D428900780B73 /* controllers */,
				43ED28A51E9D412B00780B73 /* system */,
			);
			path = FashionWardrobe;
			sourceTree = "<group>";
		};
		43E351691E9D3F8500CABBCD /* FashionWardrobeTests */ = {
			isa = PBXGroup;
			children = (
				43E3516A1E9D3F8500CABBCD /* FashionWardrobeTests.swift */,
				43E3516C1E9D3F8500CABBCD /* Info.plist */,
			);
			path = FashionWardrobeTests;
			sourceTree = "<group>";
		};
		43E351741E9D3F8500CABBCD /* FashionWardrobeUITests */ = {
			isa = PBXGroup;
			children = (
				43E351751E9D3F8500CABBCD /* FashionWardrobeUITests.swift */,
				43E351771E9D3F8500CABBCD /* Info.plist */,
			);
			path = FashionWardrobeUITests;
			sourceTree = "<group>";
		};
		43E56B251EBA57DB00013335 /* AddPost */ = {
			isa = PBXGroup;
			children = (
				43E56B261EBA5D3700013335 /* AddPhotoItemsCell.swift */,
				43E56B271EBA5D3700013335 /* AddPhotoItemsCell.xib */,
				43E56B2A1EBA5DBC00013335 /* AddPhotoItemCell.swift */,
				43E56B2B1EBA5DBC00013335 /* AddPhotoItemCell.xib */,
				43AEB5B21EC05AA600A516BF /* DescriptionTableViewCell.swift */,
				43AEB5B41EC05AB900A516BF /* DescriptionTableViewCell.xib */,
				43AEB5B61EC231DE00A516BF /* TypeTableViewCell.swift */,
				43AEB5B71EC231DE00A516BF /* TypeTableViewCell.xib */,
				43AEB5BA1EC23A7D00A516BF /* PriceTableViewCell.swift */,
				43AEB5BB1EC23A7D00A516BF /* PriceTableViewCell.xib */,
			);
			name = AddPost;
			sourceTree = "<group>";
		};
		43ED28A51E9D412B00780B73 /* system */ = {
			isa = PBXGroup;
			children = (
				43E351611E9D3F8500CABBCD /* Info.plist */,
				43E3515E1E9D3F8500CABBCD /* LaunchScreen.storyboard */,
				43E3515C1E9D3F8500CABBCD /* Assets.xcassets */,
				43E351551E9D3F8500CABBCD /* AppDelegate.swift */,
				43E351591E9D3F8500CABBCD /* Main.storyboard */,
			);
			name = system;
			sourceTree = "<group>";
		};
		43ED28A61E9D428900780B73 /* controllers */ = {
			isa = PBXGroup;
			children = (
				43E351571E9D3F8500CABBCD /* ItemsListViewController.swift */,
				437E084F1EA7CA6C00134F2F /* ProfileViewController.swift */,
				4389779C1EB3C4EF002FB89A /* LoginViewController.swift */,
				438977F01EB8F552002FB89A /* NewsViewController.swift */,
				43E56B231EBA552900013335 /* AddPostViewController.swift */,
			);
			name = controllers;
			sourceTree = "<group>";
		};
		43ED28A71E9D438D00780B73 /* custom views */ = {
			isa = PBXGroup;
			children = (
				432844121EA52D2A00DBBB95 /* profile */,
				436B23BC1EAFB8FE00849417 /* news */,
				43E56B251EBA57DB00013335 /* AddPost */,
				43ED28A81E9D43AF00780B73 /* itemsList */,
			);
			name = "custom views";
			path = FashionWardrobe;
			sourceTree = "<group>";
		};
		43ED28A81E9D43AF00780B73 /* itemsList */ = {
			isa = PBXGroup;
			children = (
				43ED28BB1E9D4E2200780B73 /* ListHeaderTableViewCell.swift */,
				43ED28BC1E9D4E2200780B73 /* ListHeaderTableViewCell.xib */,
				43ED28BF1E9D573500780B73 /* ItemsTextTableViewCell.swift */,
				43ED28C81E9D5BC900780B73 /* ItemsTextTableViewCell.xib */,
				43ED28C31E9D5A7B00780B73 /* ItemsTypeTableViewCell.swift */,
				43ED28C41E9D5A7B00780B73 /* ItemsTypeTableViewCell.xib */,
				43ED28CB1E9D5EA300780B73 /* ItemsPriceTableViewCell.swift */,
				43ED28CC1E9D5EA300780B73 /* ItemsPriceTableViewCell.xib */,
				432843F51E9EA34600DBBB95 /* ItemsDateTableViewCell.swift */,
				432843F61E9EA34600DBBB95 /* ItemsDateTableViewCell.xib */,
				432843F91E9EA4DD00DBBB95 /* ItemPhotoTableViewCell.swift */,
				432843FA1E9EA4DD00DBBB95 /* ItemPhotoTableViewCell.xib */,
				432843FD1E9EB38200DBBB95 /* ItemsPhotoCollectionTableViewCell.swift */,
				432843FE1E9EB38200DBBB95 /* ItemsPhotoCollectionTableViewCell.xib */,
			);
			name = itemsList;
			sourceTree = "<group>";
		};
		43ED28A91E9D43DE00780B73 /* internet */ = {
			isa = PBXGroup;
			children = (
				4389778F1EB25CA7002FB89A /* operations */,
				4389778B1EB25B05002FB89A /* API_WRAPPER.swift */,
				4389778D1EB25C89002FB89A /* NewsManager.swift */,
				4389779A1EB3BD7F002FB89A /* ProfileManager.swift */,
			);
			name = internet;
			path = FashionWardrobe;
			sourceTree = "<group>";
		};
		43ED28AB1E9D440400780B73 /* models */ = {
			isa = PBXGroup;
			children = (
				436B23B31EAFB61000849417 /* news */,
				432844131EA52D3A00DBBB95 /* profile */,
				43ED28AC1E9D441800780B73 /* itemsListModels */,
			);
			name = models;
			path = FashionWardrobe;
			sourceTree = "<group>";
		};
		43ED28AC1E9D441800780B73 /* itemsListModels */ = {
			isa = PBXGroup;
			children = (
				43ED28AD1E9D444B00780B73 /* ItemsListHeader.swift */,
				43ED28AF1E9D447800780B73 /* ItemsListText.swift */,
				43ED28B11E9D463100780B73 /* ItemsPrice.swift */,
				437E08411EA67BB800134F2F /* ItemsListType.swift */,
				43ED28B31E9D465000780B73 /* ItemsDate.swift */,
				43ED28B51E9D467500780B73 /* ItemsType.swift */,
				43ED28B71E9D46C800780B73 /* ItemsPicture.swift */,
				43ED28B91E9D46DA00780B73 /* ItemsPictures.swift */,
				432844031EA0036A00DBBB95 /* Item.swift */,
			);
			name = itemsListModels;
			sourceTree = "<group>";
		};
		5E4D22C83C4684231CE2F630 /* Pods */ = {
			isa = PBXGroup;
			children = (
				9E984B5BE4928F4C123C6FE6 /* Pods-FashionWardrobe.debug.xcconfig */,
				2FB27A33D15ECB4719E22351 /* Pods-FashionWardrobe.release.xcconfig */,
				DA6430F3444F4425AC5B7D7F /* Pods-FashionWardrobeTests.debug.xcconfig */,
				C743D2A3D46B2417CF4F93FA /* Pods-FashionWardrobeTests.release.xcconfig */,
				1D8565EE040F1DA2E8D44BCA /* Pods-FashionWardrobeUITests.debug.xcconfig */,
				D65CE86CF802DBBCDFEAA3AF /* Pods-FashionWardrobeUITests.release.xcconfig */,
			);
			name = Pods;
			sourceTree = "<group>";
		};
/* End PBXGroup section */

/* Begin PBXNativeTarget section */
		43E351511E9D3F8500CABBCD /* FashionWardrobe */ = {
			isa = PBXNativeTarget;
			buildConfigurationList = 43E3517A1E9D3F8500CABBCD /* Build configuration list for PBXNativeTarget "FashionWardrobe" */;
			buildPhases = (
				FBD75D6F753B95F375AC5FA8 /* [CP] Check Pods Manifest.lock */,
				43E3514E1E9D3F8500CABBCD /* Sources */,
				43E3514F1E9D3F8500CABBCD /* Frameworks */,
				43E351501E9D3F8500CABBCD /* Resources */,
				92FE95E6EDA26386D83CF826 /* [CP] Embed Pods Frameworks */,
				C3FB5C01BBC08547ECCA0FE0 /* [CP] Copy Pods Resources */,
			);
			buildRules = (
			);
			dependencies = (
			);
			name = FashionWardrobe;
			productName = FashionWardrobe;
			productReference = 43E351521E9D3F8500CABBCD /* FashionWardrobe.app */;
			productType = "com.apple.product-type.application";
		};
		43E351651E9D3F8500CABBCD /* FashionWardrobeTests */ = {
			isa = PBXNativeTarget;
			buildConfigurationList = 43E3517D1E9D3F8500CABBCD /* Build configuration list for PBXNativeTarget "FashionWardrobeTests" */;
			buildPhases = (
				F9132ED4070F2405DD944B59 /* [CP] Check Pods Manifest.lock */,
				43E351621E9D3F8500CABBCD /* Sources */,
				43E351631E9D3F8500CABBCD /* Frameworks */,
				43E351641E9D3F8500CABBCD /* Resources */,
				39687D4566F265B0B6FB8F20 /* [CP] Embed Pods Frameworks */,
				2448BDEAAC0357D394B012F9 /* [CP] Copy Pods Resources */,
			);
			buildRules = (
			);
			dependencies = (
				43E351681E9D3F8500CABBCD /* PBXTargetDependency */,
			);
			name = FashionWardrobeTests;
			productName = FashionWardrobeTests;
			productReference = 43E351661E9D3F8500CABBCD /* FashionWardrobeTests.xctest */;
			productType = "com.apple.product-type.bundle.unit-test";
		};
		43E351701E9D3F8500CABBCD /* FashionWardrobeUITests */ = {
			isa = PBXNativeTarget;
			buildConfigurationList = 43E351801E9D3F8500CABBCD /* Build configuration list for PBXNativeTarget "FashionWardrobeUITests" */;
			buildPhases = (
				B4F3DBF3D78C93A820560E6B /* [CP] Check Pods Manifest.lock */,
				43E3516D1E9D3F8500CABBCD /* Sources */,
				43E3516E1E9D3F8500CABBCD /* Frameworks */,
				43E3516F1E9D3F8500CABBCD /* Resources */,
				C574C9CE3B5394256DE04E46 /* [CP] Embed Pods Frameworks */,
				5C3D3900EC9EA6D19595F829 /* [CP] Copy Pods Resources */,
			);
			buildRules = (
			);
			dependencies = (
				43E351731E9D3F8500CABBCD /* PBXTargetDependency */,
			);
			name = FashionWardrobeUITests;
			productName = FashionWardrobeUITests;
			productReference = 43E351711E9D3F8500CABBCD /* FashionWardrobeUITests.xctest */;
			productType = "com.apple.product-type.bundle.ui-testing";
		};
/* End PBXNativeTarget section */

/* Begin PBXProject section */
		43E3514A1E9D3F8500CABBCD /* Project object */ = {
			isa = PBXProject;
			attributes = {
				LastSwiftUpdateCheck = 0810;
				LastUpgradeCheck = 0810;
				ORGANIZATIONNAME = "Daria Smirnova";
				TargetAttributes = {
					43E351511E9D3F8500CABBCD = {
						CreatedOnToolsVersion = 8.1;
						DevelopmentTeam = 59CT5SJ7RL;
						ProvisioningStyle = Automatic;
					};
					43E351651E9D3F8500CABBCD = {
						CreatedOnToolsVersion = 8.1;
						ProvisioningStyle = Automatic;
						TestTargetID = 43E351511E9D3F8500CABBCD;
					};
					43E351701E9D3F8500CABBCD = {
						CreatedOnToolsVersion = 8.1;
						ProvisioningStyle = Automatic;
						TestTargetID = 43E351511E9D3F8500CABBCD;
					};
				};
			};
			buildConfigurationList = 43E3514D1E9D3F8500CABBCD /* Build configuration list for PBXProject "FashionWardrobe" */;
			compatibilityVersion = "Xcode 3.2";
			developmentRegion = English;
			hasScannedForEncodings = 0;
			knownRegions = (
				en,
				Base,
			);
			mainGroup = 43E351491E9D3F8500CABBCD;
			productRefGroup = 43E351531E9D3F8500CABBCD /* Products */;
			projectDirPath = "";
			projectRoot = "";
			targets = (
				43E351511E9D3F8500CABBCD /* FashionWardrobe */,
				43E351651E9D3F8500CABBCD /* FashionWardrobeTests */,
				43E351701E9D3F8500CABBCD /* FashionWardrobeUITests */,
			);
		};
/* End PBXProject section */

/* Begin PBXResourcesBuildPhase section */
		43E351501E9D3F8500CABBCD /* Resources */ = {
			isa = PBXResourcesBuildPhase;
			buildActionMask = 2147483647;
			files = (
				43ED28BE1E9D4E2200780B73 /* ListHeaderTableViewCell.xib in Resources */,
				43ED28CA1E9D5BC900780B73 /* ItemsTextTableViewCell.xib in Resources */,
				43E351601E9D3F8500CABBCD /* LaunchScreen.storyboard in Resources */,
				43AEB5BD1EC23A7D00A516BF /* PriceTableViewCell.xib in Resources */,
				432844001E9EB38200DBBB95 /* ItemsPhotoCollectionTableViewCell.xib in Resources */,
				437E085A1EA7D15A00134F2F /* ProfileWallPicture.xib in Resources */,
				43E3515D1E9D3F8500CABBCD /* Assets.xcassets in Resources */,
				43E56B221EB8FED000013335 /* NewsPhotoCollectionTableViewCell.xib in Resources */,
				43ED28C61E9D5A7B00780B73 /* ItemsTypeTableViewCell.xib in Resources */,
				43ED28CE1E9D5EA300780B73 /* ItemsPriceTableViewCell.xib in Resources */,
				432843FC1E9EA4DD00DBBB95 /* ItemPhotoTableViewCell.xib in Resources */,
				437E08551EA7CAD600134F2F /* ProfileHeaderTableViewCell.xib in Resources */,
				432843F81E9EA34600DBBB95 /* ItemsDateTableViewCell.xib in Resources */,
				43E56B2D1EBA5DBC00013335 /* AddPhotoItemCell.xib in Resources */,
				43AEB5B51EC05AB900A516BF /* DescriptionTableViewCell.xib in Resources */,
				43E56B291EBA5D3700013335 /* AddPhotoItemsCell.xib in Resources */,
				43AEB5B91EC231DE00A516BF /* TypeTableViewCell.xib in Resources */,
				437E085E1EA7D7B400134F2F /* ProfileWallPictureCollection.xib in Resources */,
				43E3515B1E9D3F8500CABBCD /* Main.storyboard in Resources */,
				43E56B1E1EB8FEB900013335 /* NewsOnePictureTableViewCell.xib in Resources */,
				43E56B1A1EB8FE8C00013335 /* NewsTextTableViewCell.xib in Resources */,
			);
			runOnlyForDeploymentPostprocessing = 0;
		};
		43E351641E9D3F8500CABBCD /* Resources */ = {
			isa = PBXResourcesBuildPhase;
			buildActionMask = 2147483647;
			files = (
			);
			runOnlyForDeploymentPostprocessing = 0;
		};
		43E3516F1E9D3F8500CABBCD /* Resources */ = {
			isa = PBXResourcesBuildPhase;
			buildActionMask = 2147483647;
			files = (
			);
			runOnlyForDeploymentPostprocessing = 0;
		};
/* End PBXResourcesBuildPhase section */

/* Begin PBXShellScriptBuildPhase section */
		2448BDEAAC0357D394B012F9 /* [CP] Copy Pods Resources */ = {
			isa = PBXShellScriptBuildPhase;
			buildActionMask = 2147483647;
			files = (
			);
			inputPaths = (
			);
			name = "[CP] Copy Pods Resources";
			outputPaths = (
			);
			runOnlyForDeploymentPostprocessing = 0;
			shellPath = /bin/sh;
			shellScript = "\"${SRCROOT}/Pods/Target Support Files/Pods-FashionWardrobeTests/Pods-FashionWardrobeTests-resources.sh\"\n";
			showEnvVarsInLog = 0;
		};
		39687D4566F265B0B6FB8F20 /* [CP] Embed Pods Frameworks */ = {
			isa = PBXShellScriptBuildPhase;
			buildActionMask = 2147483647;
			files = (
			);
			inputPaths = (
			);
			name = "[CP] Embed Pods Frameworks";
			outputPaths = (
			);
			runOnlyForDeploymentPostprocessing = 0;
			shellPath = /bin/sh;
			shellScript = "\"${SRCROOT}/Pods/Target Support Files/Pods-FashionWardrobeTests/Pods-FashionWardrobeTests-frameworks.sh\"\n";
			showEnvVarsInLog = 0;
		};
		5C3D3900EC9EA6D19595F829 /* [CP] Copy Pods Resources */ = {
			isa = PBXShellScriptBuildPhase;
			buildActionMask = 2147483647;
			files = (
			);
			inputPaths = (
			);
			name = "[CP] Copy Pods Resources";
			outputPaths = (
			);
			runOnlyForDeploymentPostprocessing = 0;
			shellPath = /bin/sh;
			shellScript = "\"${SRCROOT}/Pods/Target Support Files/Pods-FashionWardrobeUITests/Pods-FashionWardrobeUITests-resources.sh\"\n";
			showEnvVarsInLog = 0;
		};
		92FE95E6EDA26386D83CF826 /* [CP] Embed Pods Frameworks */ = {
			isa = PBXShellScriptBuildPhase;
			buildActionMask = 2147483647;
			files = (
			);
			inputPaths = (
			);
			name = "[CP] Embed Pods Frameworks";
			outputPaths = (
			);
			runOnlyForDeploymentPostprocessing = 0;
			shellPath = /bin/sh;
			shellScript = "\"${SRCROOT}/Pods/Target Support Files/Pods-FashionWardrobe/Pods-FashionWardrobe-frameworks.sh\"\n";
			showEnvVarsInLog = 0;
		};
		B4F3DBF3D78C93A820560E6B /* [CP] Check Pods Manifest.lock */ = {
			isa = PBXShellScriptBuildPhase;
			buildActionMask = 2147483647;
			files = (
			);
			inputPaths = (
			);
			name = "[CP] Check Pods Manifest.lock";
			outputPaths = (
			);
			runOnlyForDeploymentPostprocessing = 0;
			shellPath = /bin/sh;
			shellScript = "diff \"${PODS_ROOT}/../Podfile.lock\" \"${PODS_ROOT}/Manifest.lock\" > /dev/null\nif [ $? != 0 ] ; then\n    # print error to STDERR\n    echo \"error: The sandbox is not in sync with the Podfile.lock. Run 'pod install' or update your CocoaPods installation.\" >&2\n    exit 1\nfi\n";
			showEnvVarsInLog = 0;
		};
		C3FB5C01BBC08547ECCA0FE0 /* [CP] Copy Pods Resources */ = {
			isa = PBXShellScriptBuildPhase;
			buildActionMask = 2147483647;
			files = (
			);
			inputPaths = (
			);
			name = "[CP] Copy Pods Resources";
			outputPaths = (
			);
			runOnlyForDeploymentPostprocessing = 0;
			shellPath = /bin/sh;
			shellScript = "\"${SRCROOT}/Pods/Target Support Files/Pods-FashionWardrobe/Pods-FashionWardrobe-resources.sh\"\n";
			showEnvVarsInLog = 0;
		};
		C574C9CE3B5394256DE04E46 /* [CP] Embed Pods Frameworks */ = {
			isa = PBXShellScriptBuildPhase;
			buildActionMask = 2147483647;
			files = (
			);
			inputPaths = (
			);
			name = "[CP] Embed Pods Frameworks";
			outputPaths = (
			);
			runOnlyForDeploymentPostprocessing = 0;
			shellPath = /bin/sh;
			shellScript = "\"${SRCROOT}/Pods/Target Support Files/Pods-FashionWardrobeUITests/Pods-FashionWardrobeUITests-frameworks.sh\"\n";
			showEnvVarsInLog = 0;
		};
		F9132ED4070F2405DD944B59 /* [CP] Check Pods Manifest.lock */ = {
			isa = PBXShellScriptBuildPhase;
			buildActionMask = 2147483647;
			files = (
			);
			inputPaths = (
			);
			name = "[CP] Check Pods Manifest.lock";
			outputPaths = (
			);
			runOnlyForDeploymentPostprocessing = 0;
			shellPath = /bin/sh;
			shellScript = "diff \"${PODS_ROOT}/../Podfile.lock\" \"${PODS_ROOT}/Manifest.lock\" > /dev/null\nif [ $? != 0 ] ; then\n    # print error to STDERR\n    echo \"error: The sandbox is not in sync with the Podfile.lock. Run 'pod install' or update your CocoaPods installation.\" >&2\n    exit 1\nfi\n";
			showEnvVarsInLog = 0;
		};
		FBD75D6F753B95F375AC5FA8 /* [CP] Check Pods Manifest.lock */ = {
			isa = PBXShellScriptBuildPhase;
			buildActionMask = 2147483647;
			files = (
			);
			inputPaths = (
			);
			name = "[CP] Check Pods Manifest.lock";
			outputPaths = (
			);
			runOnlyForDeploymentPostprocessing = 0;
			shellPath = /bin/sh;
			shellScript = "diff \"${PODS_ROOT}/../Podfile.lock\" \"${PODS_ROOT}/Manifest.lock\" > /dev/null\nif [ $? != 0 ] ; then\n    # print error to STDERR\n    echo \"error: The sandbox is not in sync with the Podfile.lock. Run 'pod install' or update your CocoaPods installation.\" >&2\n    exit 1\nfi\n";
			showEnvVarsInLog = 0;
		};
/* End PBXShellScriptBuildPhase section */

/* Begin PBXSourcesBuildPhase section */
		43E3514E1E9D3F8500CABBCD /* Sources */ = {
			isa = PBXSourcesBuildPhase;
			buildActionMask = 2147483647;
			files = (
				4389779D1EB3C4EF002FB89A /* LoginViewController.swift in Sources */,
				438977F11EB8F552002FB89A /* NewsViewController.swift in Sources */,
				432843FB1E9EA4DD00DBBB95 /* ItemPhotoTableViewCell.swift in Sources */,
				436B23B91EAFB7AF00849417 /* NewsPicture.swift in Sources */,
				43E56B241EBA552900013335 /* AddPostViewController.swift in Sources */,
				4328441A1EA52E0700DBBB95 /* DependencyInjector.swift in Sources */,
				432844161EA52D6D00DBBB95 /* Presenter.swift in Sources */,
				43AEB5B81EC231DE00A516BF /* TypeTableViewCell.swift in Sources */,
				43ED28B61E9D467500780B73 /* ItemsType.swift in Sources */,
				43E56B211EB8FED000013335 /* NewsPhotoCollectionTableViewCell.swift in Sources */,
				43ED28AE1E9D444B00780B73 /* ItemsListHeader.swift in Sources */,
				43ED28B01E9D447800780B73 /* ItemsListText.swift in Sources */,
				43ED28B81E9D46C800780B73 /* ItemsPicture.swift in Sources */,
				4328441D1EA52E7000DBBB95 /* ItemsListPresenter.swift in Sources */,
				43E56B191EB8FE8C00013335 /* NewsTextTableViewCell.swift in Sources */,
				437E08401EA67B0A00134F2F /* ProfileItemsPictures.swift in Sources */,
				4328441F1EA5452D00DBBB95 /* ProfileHeader.swift in Sources */,
				43E56B1D1EB8FEB900013335 /* NewsOnePictureTableViewCell.swift in Sources */,
				436B23B51EAFB63F00849417 /* News.swift in Sources */,
				436B23B71EAFB76E00849417 /* NewsText.swift in Sources */,
				43AEB5B31EC05AA600A516BF /* DescriptionTableViewCell.swift in Sources */,
				43E56B121EB8F99300013335 /* NewsPresenter.swift in Sources */,
				438977931EB2667F002FB89A /* OperationsManager.swift in Sources */,
				438977971EB3B34B002FB89A /* UserStorage.swift in Sources */,
				43E56B2C1EBA5DBC00013335 /* AddPhotoItemCell.swift in Sources */,
				43E351581E9D3F8500CABBCD /* ItemsListViewController.swift in Sources */,
				43ED28CD1E9D5EA300780B73 /* ItemsPriceTableViewCell.swift in Sources */,
				437E085D1EA7D7B400134F2F /* ProfileWallPictureCollection.swift in Sources */,
				4389779B1EB3BD7F002FB89A /* ProfileManager.swift in Sources */,
				43ED28BA1E9D46DA00780B73 /* ItemsPictures.swift in Sources */,
				43ED28C51E9D5A7B00780B73 /* ItemsTypeTableViewCell.swift in Sources */,
				437E08501EA7CA6C00134F2F /* ProfileViewController.swift in Sources */,
				43ED28BD1E9D4E2200780B73 /* ListHeaderTableViewCell.swift in Sources */,
				432844041EA0036A00DBBB95 /* Item.swift in Sources */,
				437E08421EA67BB800134F2F /* ItemsListType.swift in Sources */,
				432844181EA52DAD00DBBB95 /* View.swift in Sources */,
				43E351561E9D3F8500CABBCD /* AppDelegate.swift in Sources */,
				432843F71E9EA34600DBBB95 /* ItemsDateTableViewCell.swift in Sources */,
				436B23BB1EAFB85E00849417 /* NewsPictures.swift in Sources */,
				43E56B281EBA5D3700013335 /* AddPhotoItemsCell.swift in Sources */,
				43ED28B41E9D465000780B73 /* ItemsDate.swift in Sources */,
				432844021E9FE75900DBBB95 /* ItemsStorage.swift in Sources */,
				4389778E1EB25C89002FB89A /* NewsManager.swift in Sources */,
				432843FF1E9EB38200DBBB95 /* ItemsPhotoCollectionTableViewCell.swift in Sources */,
				437E08541EA7CAD600134F2F /* ProfileHeaderTableViewCell.swift in Sources */,
				438977991EB3B666002FB89A /* LoginOperation.swift in Sources */,
				4389778C1EB25B05002FB89A /* API_WRAPPER.swift in Sources */,
				43AEB5BC1EC23A7D00A516BF /* PriceTableViewCell.swift in Sources */,
				437E08591EA7D15A00134F2F /* ProfileWallPicture.swift in Sources */,
				43ED28B21E9D463100780B73 /* ItemsPrice.swift in Sources */,
				438977911EB25CBC002FB89A /* NewsOperation.swift in Sources */,
				43ED28C11E9D573500780B73 /* ItemsTextTableViewCell.swift in Sources */,
				437E083E1EA67AC200134F2F /* ProfileItemPicture.swift in Sources */,
			);
			runOnlyForDeploymentPostprocessing = 0;
		};
		43E351621E9D3F8500CABBCD /* Sources */ = {
			isa = PBXSourcesBuildPhase;
			buildActionMask = 2147483647;
			files = (
				43E3516B1E9D3F8500CABBCD /* FashionWardrobeTests.swift in Sources */,
			);
			runOnlyForDeploymentPostprocessing = 0;
		};
		43E3516D1E9D3F8500CABBCD /* Sources */ = {
			isa = PBXSourcesBuildPhase;
			buildActionMask = 2147483647;
			files = (
				43E351761E9D3F8500CABBCD /* FashionWardrobeUITests.swift in Sources */,
			);
			runOnlyForDeploymentPostprocessing = 0;
		};
/* End PBXSourcesBuildPhase section */

/* Begin PBXTargetDependency section */
		43E351681E9D3F8500CABBCD /* PBXTargetDependency */ = {
			isa = PBXTargetDependency;
			target = 43E351511E9D3F8500CABBCD /* FashionWardrobe */;
			targetProxy = 43E351671E9D3F8500CABBCD /* PBXContainerItemProxy */;
		};
		43E351731E9D3F8500CABBCD /* PBXTargetDependency */ = {
			isa = PBXTargetDependency;
			target = 43E351511E9D3F8500CABBCD /* FashionWardrobe */;
			targetProxy = 43E351721E9D3F8500CABBCD /* PBXContainerItemProxy */;
		};
/* End PBXTargetDependency section */

/* Begin PBXVariantGroup section */
		43E351591E9D3F8500CABBCD /* Main.storyboard */ = {
			isa = PBXVariantGroup;
			children = (
				43E3515A1E9D3F8500CABBCD /* Base */,
			);
			name = Main.storyboard;
			sourceTree = "<group>";
		};
		43E3515E1E9D3F8500CABBCD /* LaunchScreen.storyboard */ = {
			isa = PBXVariantGroup;
			children = (
				43E3515F1E9D3F8500CABBCD /* Base */,
			);
			name = LaunchScreen.storyboard;
			sourceTree = "<group>";
		};
/* End PBXVariantGroup section */

/* Begin XCBuildConfiguration section */
		43E351781E9D3F8500CABBCD /* Debug */ = {
			isa = XCBuildConfiguration;
			buildSettings = {
				ALWAYS_SEARCH_USER_PATHS = NO;
				CLANG_ANALYZER_NONNULL = YES;
				CLANG_CXX_LANGUAGE_STANDARD = "gnu++0x";
				CLANG_CXX_LIBRARY = "libc++";
				CLANG_ENABLE_MODULES = YES;
				CLANG_ENABLE_OBJC_ARC = YES;
				CLANG_WARN_BOOL_CONVERSION = YES;
				CLANG_WARN_CONSTANT_CONVERSION = YES;
				CLANG_WARN_DIRECT_OBJC_ISA_USAGE = YES_ERROR;
				CLANG_WARN_DOCUMENTATION_COMMENTS = YES;
				CLANG_WARN_EMPTY_BODY = YES;
				CLANG_WARN_ENUM_CONVERSION = YES;
				CLANG_WARN_INFINITE_RECURSION = YES;
				CLANG_WARN_INT_CONVERSION = YES;
				CLANG_WARN_OBJC_ROOT_CLASS = YES_ERROR;
				CLANG_WARN_SUSPICIOUS_MOVES = YES;
				CLANG_WARN_UNREACHABLE_CODE = YES;
				CLANG_WARN__DUPLICATE_METHOD_MATCH = YES;
				"CODE_SIGN_IDENTITY[sdk=iphoneos*]" = "iPhone Developer";
				COPY_PHASE_STRIP = NO;
				DEBUG_INFORMATION_FORMAT = dwarf;
				ENABLE_STRICT_OBJC_MSGSEND = YES;
				ENABLE_TESTABILITY = YES;
				GCC_C_LANGUAGE_STANDARD = gnu99;
				GCC_DYNAMIC_NO_PIC = NO;
				GCC_NO_COMMON_BLOCKS = YES;
				GCC_OPTIMIZATION_LEVEL = 0;
				GCC_PREPROCESSOR_DEFINITIONS = (
					"DEBUG=1",
					"$(inherited)",
				);
				GCC_WARN_64_TO_32_BIT_CONVERSION = YES;
				GCC_WARN_ABOUT_RETURN_TYPE = YES_ERROR;
				GCC_WARN_UNDECLARED_SELECTOR = YES;
				GCC_WARN_UNINITIALIZED_AUTOS = YES_AGGRESSIVE;
				GCC_WARN_UNUSED_FUNCTION = YES;
				GCC_WARN_UNUSED_VARIABLE = YES;
				IPHONEOS_DEPLOYMENT_TARGET = 10.1;
				MTL_ENABLE_DEBUG_INFO = YES;
				ONLY_ACTIVE_ARCH = YES;
				SDKROOT = iphoneos;
				SWIFT_ACTIVE_COMPILATION_CONDITIONS = DEBUG;
				SWIFT_OPTIMIZATION_LEVEL = "-Onone";
			};
			name = Debug;
		};
		43E351791E9D3F8500CABBCD /* Release */ = {
			isa = XCBuildConfiguration;
			buildSettings = {
				ALWAYS_SEARCH_USER_PATHS = NO;
				CLANG_ANALYZER_NONNULL = YES;
				CLANG_CXX_LANGUAGE_STANDARD = "gnu++0x";
				CLANG_CXX_LIBRARY = "libc++";
				CLANG_ENABLE_MODULES = YES;
				CLANG_ENABLE_OBJC_ARC = YES;
				CLANG_WARN_BOOL_CONVERSION = YES;
				CLANG_WARN_CONSTANT_CONVERSION = YES;
				CLANG_WARN_DIRECT_OBJC_ISA_USAGE = YES_ERROR;
				CLANG_WARN_DOCUMENTATION_COMMENTS = YES;
				CLANG_WARN_EMPTY_BODY = YES;
				CLANG_WARN_ENUM_CONVERSION = YES;
				CLANG_WARN_INFINITE_RECURSION = YES;
				CLANG_WARN_INT_CONVERSION = YES;
				CLANG_WARN_OBJC_ROOT_CLASS = YES_ERROR;
				CLANG_WARN_SUSPICIOUS_MOVES = YES;
				CLANG_WARN_UNREACHABLE_CODE = YES;
				CLANG_WARN__DUPLICATE_METHOD_MATCH = YES;
				"CODE_SIGN_IDENTITY[sdk=iphoneos*]" = "iPhone Developer";
				COPY_PHASE_STRIP = NO;
				DEBUG_INFORMATION_FORMAT = "dwarf-with-dsym";
				ENABLE_NS_ASSERTIONS = NO;
				ENABLE_STRICT_OBJC_MSGSEND = YES;
				GCC_C_LANGUAGE_STANDARD = gnu99;
				GCC_NO_COMMON_BLOCKS = YES;
				GCC_WARN_64_TO_32_BIT_CONVERSION = YES;
				GCC_WARN_ABOUT_RETURN_TYPE = YES_ERROR;
				GCC_WARN_UNDECLARED_SELECTOR = YES;
				GCC_WARN_UNINITIALIZED_AUTOS = YES_AGGRESSIVE;
				GCC_WARN_UNUSED_FUNCTION = YES;
				GCC_WARN_UNUSED_VARIABLE = YES;
				IPHONEOS_DEPLOYMENT_TARGET = 10.1;
				MTL_ENABLE_DEBUG_INFO = NO;
				SDKROOT = iphoneos;
				SWIFT_OPTIMIZATION_LEVEL = "-Owholemodule";
				VALIDATE_PRODUCT = YES;
			};
			name = Release;
		};
		43E3517B1E9D3F8500CABBCD /* Debug */ = {
			isa = XCBuildConfiguration;
			baseConfigurationReference = 9E984B5BE4928F4C123C6FE6 /* Pods-FashionWardrobe.debug.xcconfig */;
			buildSettings = {
				ASSETCATALOG_COMPILER_APPICON_NAME = AppIcon;
				DEVELOPMENT_TEAM = 59CT5SJ7RL;
				INFOPLIST_FILE = FashionWardrobe/Info.plist;
				IPHONEOS_DEPLOYMENT_TARGET = 9.0;
				LD_RUNPATH_SEARCH_PATHS = "$(inherited) @executable_path/Frameworks";
				PRODUCT_BUNDLE_IDENTIFIER = "OMG-group.FashionWardrobe";
				PRODUCT_NAME = "$(TARGET_NAME)";
				SWIFT_VERSION = 3.0;
			};
			name = Debug;
		};
		43E3517C1E9D3F8500CABBCD /* Release */ = {
			isa = XCBuildConfiguration;
			baseConfigurationReference = 2FB27A33D15ECB4719E22351 /* Pods-FashionWardrobe.release.xcconfig */;
			buildSettings = {
				ASSETCATALOG_COMPILER_APPICON_NAME = AppIcon;
				DEVELOPMENT_TEAM = 59CT5SJ7RL;
				INFOPLIST_FILE = FashionWardrobe/Info.plist;
				IPHONEOS_DEPLOYMENT_TARGET = 9.0;
				LD_RUNPATH_SEARCH_PATHS = "$(inherited) @executable_path/Frameworks";
				PRODUCT_BUNDLE_IDENTIFIER = "OMG-group.FashionWardrobe";
				PRODUCT_NAME = "$(TARGET_NAME)";
				SWIFT_VERSION = 3.0;
			};
			name = Release;
		};
		43E3517E1E9D3F8500CABBCD /* Debug */ = {
			isa = XCBuildConfiguration;
			baseConfigurationReference = DA6430F3444F4425AC5B7D7F /* Pods-FashionWardrobeTests.debug.xcconfig */;
			buildSettings = {
				ALWAYS_EMBED_SWIFT_STANDARD_LIBRARIES = YES;
				BUNDLE_LOADER = "$(TEST_HOST)";
				INFOPLIST_FILE = FashionWardrobeTests/Info.plist;
				LD_RUNPATH_SEARCH_PATHS = "$(inherited) @executable_path/Frameworks @loader_path/Frameworks";
				PRODUCT_BUNDLE_IDENTIFIER = "OMG-group.FashionWardrobeTests";
				PRODUCT_NAME = "$(TARGET_NAME)";
				SWIFT_VERSION = 3.0;
				TEST_HOST = "$(BUILT_PRODUCTS_DIR)/FashionWardrobe.app/FashionWardrobe";
			};
			name = Debug;
		};
		43E3517F1E9D3F8500CABBCD /* Release */ = {
			isa = XCBuildConfiguration;
			baseConfigurationReference = C743D2A3D46B2417CF4F93FA /* Pods-FashionWardrobeTests.release.xcconfig */;
			buildSettings = {
				ALWAYS_EMBED_SWIFT_STANDARD_LIBRARIES = YES;
				BUNDLE_LOADER = "$(TEST_HOST)";
				INFOPLIST_FILE = FashionWardrobeTests/Info.plist;
				LD_RUNPATH_SEARCH_PATHS = "$(inherited) @executable_path/Frameworks @loader_path/Frameworks";
				PRODUCT_BUNDLE_IDENTIFIER = "OMG-group.FashionWardrobeTests";
				PRODUCT_NAME = "$(TARGET_NAME)";
				SWIFT_VERSION = 3.0;
				TEST_HOST = "$(BUILT_PRODUCTS_DIR)/FashionWardrobe.app/FashionWardrobe";
			};
			name = Release;
		};
		43E351811E9D3F8500CABBCD /* Debug */ = {
			isa = XCBuildConfiguration;
			baseConfigurationReference = 1D8565EE040F1DA2E8D44BCA /* Pods-FashionWardrobeUITests.debug.xcconfig */;
			buildSettings = {
				ALWAYS_EMBED_SWIFT_STANDARD_LIBRARIES = YES;
				INFOPLIST_FILE = FashionWardrobeUITests/Info.plist;
				LD_RUNPATH_SEARCH_PATHS = "$(inherited) @executable_path/Frameworks @loader_path/Frameworks";
				PRODUCT_BUNDLE_IDENTIFIER = "OMG-group.FashionWardrobeUITests";
				PRODUCT_NAME = "$(TARGET_NAME)";
				SWIFT_VERSION = 3.0;
				TEST_TARGET_NAME = FashionWardrobe;
			};
			name = Debug;
		};
		43E351821E9D3F8500CABBCD /* Release */ = {
			isa = XCBuildConfiguration;
			baseConfigurationReference = D65CE86CF802DBBCDFEAA3AF /* Pods-FashionWardrobeUITests.release.xcconfig */;
			buildSettings = {
				ALWAYS_EMBED_SWIFT_STANDARD_LIBRARIES = YES;
				INFOPLIST_FILE = FashionWardrobeUITests/Info.plist;
				LD_RUNPATH_SEARCH_PATHS = "$(inherited) @executable_path/Frameworks @loader_path/Frameworks";
				PRODUCT_BUNDLE_IDENTIFIER = "OMG-group.FashionWardrobeUITests";
				PRODUCT_NAME = "$(TARGET_NAME)";
				SWIFT_VERSION = 3.0;
				TEST_TARGET_NAME = FashionWardrobe;
			};
			name = Release;
		};
/* End XCBuildConfiguration section */

/* Begin XCConfigurationList section */
		43E3514D1E9D3F8500CABBCD /* Build configuration list for PBXProject "FashionWardrobe" */ = {
			isa = XCConfigurationList;
			buildConfigurations = (
				43E351781E9D3F8500CABBCD /* Debug */,
				43E351791E9D3F8500CABBCD /* Release */,
			);
			defaultConfigurationIsVisible = 0;
			defaultConfigurationName = Release;
		};
		43E3517A1E9D3F8500CABBCD /* Build configuration list for PBXNativeTarget "FashionWardrobe" */ = {
			isa = XCConfigurationList;
			buildConfigurations = (
				43E3517B1E9D3F8500CABBCD /* Debug */,
				43E3517C1E9D3F8500CABBCD /* Release */,
			);
			defaultConfigurationIsVisible = 0;
			defaultConfigurationName = Release;
		};
		43E3517D1E9D3F8500CABBCD /* Build configuration list for PBXNativeTarget "FashionWardrobeTests" */ = {
			isa = XCConfigurationList;
			buildConfigurations = (
				43E3517E1E9D3F8500CABBCD /* Debug */,
				43E3517F1E9D3F8500CABBCD /* Release */,
			);
			defaultConfigurationIsVisible = 0;
			defaultConfigurationName = Release;
		};
		43E351801E9D3F8500CABBCD /* Build configuration list for PBXNativeTarget "FashionWardrobeUITests" */ = {
			isa = XCConfigurationList;
			buildConfigurations = (
				43E351811E9D3F8500CABBCD /* Debug */,
				43E351821E9D3F8500CABBCD /* Release */,
			);
			defaultConfigurationIsVisible = 0;
			defaultConfigurationName = Release;
		};
/* End XCConfigurationList section */
	};
	rootObject = 43E3514A1E9D3F8500CABBCD /* Project object */;
}
